
Microsoft Visual Studio Solution File, Format Version 12.00
# Visual Studio Version 17
VisualStudioVersion = 17.3.32929.385
MinimumVisualStudioVersion = 10.0.40219.1
Project("{9A19103F-16F7-4668-BE54-9A1E7A4F7556}") = "CqrsFramework.Api", "CqrsFramework.Api.csproj", "{A9ECCF9D-0648-41D5-A4C4-FF369F2FA405}"
EndProject
Project("{9A19103F-16F7-4668-BE54-9A1E7A4F7556}") = "CqrsFramework.Infrastructure", "..\Nci.Infrastructure\CqrsFramework.Infrastructure.csproj", "{43AEBA4C-23B9-4E92-BB56-11D366088D80}"
EndProject
Project("{9A19103F-16F7-4668-BE54-9A1E7A4F7556}") = "CqrsFramework.Persistance", "..\Nci.Persistance\CqrsFramework.Persistance.csproj", "{6725CACA-6A4F-4AB0-924D-6F76BE67FB20}"
EndProject
Project("{9A19103F-16F7-4668-BE54-9A1E7A4F7556}") = "CqrsFramework.Domain", "..\Nci.Domain\CqrsFramework.Domain.csproj", "{8BE56AF9-8AEB-4EBD-81D7-1E6FEA8B7FAF}"
EndProject
Project("{9A19103F-16F7-4668-BE54-9A1E7A4F7556}") = "CqrsFramework.Application", "..\Nci.Application\CqrsFramework.Application.csproj", "{3151C996-05D9-4392-AC36-3E866D979F57}"
EndProject
Project("{2150E333-8FDC-42A3-9474-1A3956D46DE8}") = "NCI.Project", "NCI.Project", "{999CA392-B8F7-4B39-8615-3D556D5005F3}"
EndProject
Project("{2150E333-8FDC-42A3-9474-1A3956D46DE8}") = "Test", "Test", "{A15D5616-4143-426B-AEEB-69940CE015E6}"
EndProject
Project("{9A19103F-16F7-4668-BE54-9A1E7A4F7556}") = "TestProject1", "..\TestProject1\TestProject1.csproj", "{39460C35-19CB-46A7-8961-02D68A12CD0B}"
EndProject
Global
	GlobalSection(SolutionConfigurationPlatforms) = preSolution
		Debug|Any CPU = Debug|Any CPU
		Release|Any CPU = Release|Any CPU
	EndGlobalSection
	GlobalSection(ProjectConfigurationPlatforms) = postSolution
		{A9ECCF9D-0648-41D5-A4C4-FF369F2FA405}.Debug|Any CPU.ActiveCfg = Debug|Any CPU
		{A9ECCF9D-0648-41D5-A4C4-FF369F2FA405}.Debug|Any CPU.Build.0 = Debug|Any CPU
		{A9ECCF9D-0648-41D5-A4C4-FF369F2FA405}.Release|Any CPU.ActiveCfg = Release|Any CPU
		{A9ECCF9D-0648-41D5-A4C4-FF369F2FA405}.Release|Any CPU.Build.0 = Release|Any CPU
		{43AEBA4C-23B9-4E92-BB56-11D366088D80}.Debug|Any CPU.ActiveCfg = Debug|Any CPU
		{43AEBA4C-23B9-4E92-BB56-11D366088D80}.Debug|Any CPU.Build.0 = Debug|Any CPU
		{43AEBA4C-23B9-4E92-BB56-11D366088D80}.Release|Any CPU.ActiveCfg = Release|Any CPU
		{43AEBA4C-23B9-4E92-BB56-11D366088D80}.Release|Any CPU.Build.0 = Release|Any CPU
		{6725CACA-6A4F-4AB0-924D-6F76BE67FB20}.Debug|Any CPU.ActiveCfg = Debug|Any CPU
		{6725CACA-6A4F-4AB0-924D-6F76BE67FB20}.Debug|Any CPU.Build.0 = Debug|Any CPU
		{6725CACA-6A4F-4AB0-924D-6F76BE67FB20}.Release|Any CPU.ActiveCfg = Release|Any CPU
		{6725CACA-6A4F-4AB0-924D-6F76BE67FB20}.Release|Any CPU.Build.0 = Release|Any CPU
		{8BE56AF9-8AEB-4EBD-81D7-1E6FEA8B7FAF}.Debug|Any CPU.ActiveCfg = Debug|Any CPU
		{8BE56AF9-8AEB-4EBD-81D7-1E6FEA8B7FAF}.Debug|Any CPU.Build.0 = Debug|Any CPU
		{8BE56AF9-8AEB-4EBD-81D7-1E6FEA8B7FAF}.Release|Any CPU.ActiveCfg = Release|Any CPU
		{8BE56AF9-8AEB-4EBD-81D7-1E6FEA8B7FAF}.Release|Any CPU.Build.0 = Release|Any CPU
		{3151C996-05D9-4392-AC36-3E866D979F57}.Debug|Any CPU.ActiveCfg = Debug|Any CPU
		{3151C996-05D9-4392-AC36-3E866D979F57}.Debug|Any CPU.Build.0 = Debug|Any CPU
		{3151C996-05D9-4392-AC36-3E866D979F57}.Release|Any CPU.ActiveCfg = Release|Any CPU
		{3151C996-05D9-4392-AC36-3E866D979F57}.Release|Any CPU.Build.0 = Release|Any CPU
		{39460C35-19CB-46A7-8961-02D68A12CD0B}.Debug|Any CPU.ActiveCfg = Debug|Any CPU
		{39460C35-19CB-46A7-8961-02D68A12CD0B}.Debug|Any CPU.Build.0 = Debug|Any CPU
		{39460C35-19CB-46A7-8961-02D68A12CD0B}.Release|Any CPU.ActiveCfg = Release|Any CPU
		{39460C35-19CB-46A7-8961-02D68A12CD0B}.Release|Any CPU.Build.0 = Release|Any CPU
	EndGlobalSection
	GlobalSection(SolutionProperties) = preSolution
		HideSolutionNode = FALSE
	EndGlobalSection
	GlobalSection(NestedProjects) = preSolution
		{A9ECCF9D-0648-41D5-A4C4-FF369F2FA405} = {999CA392-B8F7-4B39-8615-3D556D5005F3}
		{43AEBA4C-23B9-4E92-BB56-11D366088D80} = {999CA392-B8F7-4B39-8615-3D556D5005F3}
		{6725CACA-6A4F-4AB0-924D-6F76BE67FB20} = {999CA392-B8F7-4B39-8615-3D556D5005F3}
		{8BE56AF9-8AEB-4EBD-81D7-1E6FEA8B7FAF} = {999CA392-B8F7-4B39-8615-3D556D5005F3}
		{3151C996-05D9-4392-AC36-3E866D979F57} = {999CA392-B8F7-4B39-8615-3D556D5005F3}
		{39460C35-19CB-46A7-8961-02D68A12CD0B} = {A15D5616-4143-426B-AEEB-69940CE015E6}
	EndGlobalSection
	GlobalSection(ExtensibilityGlobals) = postSolution
		SolutionGuid = {A8A8FE7F-9B4F-42F6-9B7D-D208B21A06AB}
	EndGlobalSection
EndGlobal
